
Microsoft Visual Studio Solution File, Format Version 12.00
# Visual Studio Version 17
VisualStudioVersion = 17.5.33424.131
MinimumVisualStudioVersion = 10.0.40219.1
Project("{FAE04EC0-301F-11D3-BF4B-00C04F79EFBC}") = "WinFormsApp1", "WinFormsApp1\WinFormsApp1.csproj", "{DCF46024-F306-4F08-AF40-0BA12B9C215F}"
EndProject
Global
	GlobalSection(SolutionConfigurationPlatforms) = preSolution
		Debug|Any CPU = Debug|Any CPU
		Release|Any CPU = Release|Any CPU
	EndGlobalSection
	GlobalSection(ProjectConfigurationPlatforms) = postSolution
		{DCF46024-F306-4F08-AF40-0BA12B9C215F}.Debug|Any CPU.ActiveCfg = Debug|Any CPU
		{DCF46024-F306-4F08-AF40-0BA12B9C215F}.Debug|Any CPU.Build.0 = Debug|Any CPU
		{DCF46024-F306-4F08-AF40-0BA12B9C215F}.Release|Any CPU.ActiveCfg = Release|Any CPU
		{DCF46024-F306-4F08-AF40-0BA12B9C215F}.Release|Any CPU.Build.0 = Release|Any CPU
	EndGlobalSection
	GlobalSection(SolutionProperties) = preSolution
		HideSolutionNode = FALSE
	EndGlobalSection
	GlobalSection(ExtensibilityGlobals) = postSolution
		SolutionGuid = {CD8E8EDC-DA68-4E3D-8AA6-8C3513FEA0C4}
	EndGlobalSection
EndGlobal
